
Microsoft Visual Studio Solution File, Format Version 12.00
# Visual Studio 15
VisualStudioVersion = 15.0.28307.168
MinimumVisualStudioVersion = 10.0.40219.1
Project("{8BC9CEB8-8B4A-11D0-8D11-00A0C91BC942}") = "week1_3", "week1_3\week1_3.vcxproj", "{1889AD8F-255B-42D5-9D9A-880D96E3EABD}"
EndProject
Global
	GlobalSection(SolutionConfigurationPlatforms) = preSolution
		Debug|x64 = Debug|x64
		Debug|x86 = Debug|x86
		Release|x64 = Release|x64
		Release|x86 = Release|x86
	EndGlobalSection
	GlobalSection(ProjectConfigurationPlatforms) = postSolution
		{1889AD8F-255B-42D5-9D9A-880D96E3EABD}.Debug|x64.ActiveCfg = Debug|x64
		{1889AD8F-255B-42D5-9D9A-880D96E3EABD}.Debug|x64.Build.0 = Debug|x64
		{1889AD8F-255B-42D5-9D9A-880D96E3EABD}.Debug|x86.ActiveCfg = Debug|Win32
		{1889AD8F-255B-42D5-9D9A-880D96E3EABD}.Debug|x86.Build.0 = Debug|Win32
		{1889AD8F-255B-42D5-9D9A-880D96E3EABD}.Release|x64.ActiveCfg = Release|x64
		{1889AD8F-255B-42D5-9D9A-880D96E3EABD}.Release|x64.Build.0 = Release|x64
		{1889AD8F-255B-42D5-9D9A-880D96E3EABD}.Release|x86.ActiveCfg = Release|Win32
		{1889AD8F-255B-42D5-9D9A-880D96E3EABD}.Release|x86.Build.0 = Release|Win32
	EndGlobalSection
	GlobalSection(SolutionProperties) = preSolution
		HideSolutionNode = FALSE
	EndGlobalSection
	GlobalSection(ExtensibilityGlobals) = postSolution
		SolutionGuid = {5D8FEF83-752A-45F9-B81D-F564B36E8F42}
	EndGlobalSection
EndGlobal
